
Microsoft Visual Studio Solution File, Format Version 12.00
# Visual Studio Version 16
VisualStudioVersion = 16.0.29102.190
MinimumVisualStudioVersion = 10.0.40219.1
Project("{2150E333-8FDC-42A3-9474-1A3956D46DE8}") = "Solution Items", "Solution Items", "{D67E7937-C48A-4EB3-944C-F4CE7AC3E02E}"
	ProjectSection(SolutionItems) = preProject
		.editorconfig = .editorconfig
		.gitignore = .gitignore
		.travis.yml = .travis.yml
		license.txt = license.txt
		readme.md = readme.md
	EndProjectSection
EndProject
Project("{9A19103F-16F7-4668-BE54-9A1E7A4F7556}") = "Core", "Core\Core.csproj", "{C19D480C-4481-4B9F-BCC6-D7F73ADE4E79}"
EndProject
Project("{FAE04EC0-301F-11D3-BF4B-00C04F79EFBC}") = "CoreTest", "CoreTest\CoreTest.csproj", "{7AF767C8-EE1F-436B-9940-9A56B437A31C}"
EndProject
Global
	GlobalSection(SolutionConfigurationPlatforms) = preSolution
		Debug|Any CPU = Debug|Any CPU
		Release|Any CPU = Release|Any CPU
	EndGlobalSection
	GlobalSection(ProjectConfigurationPlatforms) = postSolution
		{C19D480C-4481-4B9F-BCC6-D7F73ADE4E79}.Debug|Any CPU.ActiveCfg = Debug|Any CPU
		{C19D480C-4481-4B9F-BCC6-D7F73ADE4E79}.Debug|Any CPU.Build.0 = Debug|Any CPU
		{C19D480C-4481-4B9F-BCC6-D7F73ADE4E79}.Release|Any CPU.ActiveCfg = Release|Any CPU
		{C19D480C-4481-4B9F-BCC6-D7F73ADE4E79}.Release|Any CPU.Build.0 = Release|Any CPU
		{7AF767C8-EE1F-436B-9940-9A56B437A31C}.Debug|Any CPU.ActiveCfg = Debug|Any CPU
		{7AF767C8-EE1F-436B-9940-9A56B437A31C}.Debug|Any CPU.Build.0 = Debug|Any CPU
		{7AF767C8-EE1F-436B-9940-9A56B437A31C}.Release|Any CPU.ActiveCfg = Release|Any CPU
		{7AF767C8-EE1F-436B-9940-9A56B437A31C}.Release|Any CPU.Build.0 = Release|Any CPU
	EndGlobalSection
	GlobalSection(SolutionProperties) = preSolution
		HideSolutionNode = FALSE
	EndGlobalSection
	GlobalSection(ExtensibilityGlobals) = postSolution
		SolutionGuid = {8E8F601A-9D9F-453F-9691-FFDC726EB073}
	EndGlobalSection
EndGlobal
